// !$*UTF8*$!
{
	archiveVersion = 1;
	classes = {
	};
	objectVersion = 56;
	objects = {

/* Begin PBXBuildFile section */
		C98DAD882BEA7C100090AA1B /* ReadyData.swift in Sources */ = {isa = PBXBuildFile; fileRef = C98DAD872BEA7C100090AA1B /* ReadyData.swift */; };
		C98DAD8A2BEA88600090AA1B /* MainForecastView.swift in Sources */ = {isa = PBXBuildFile; fileRef = C98DAD892BEA88600090AA1B /* MainForecastView.swift */; };
		C98DAD8F2BEB95D80090AA1B /* DataController.swift in Sources */ = {isa = PBXBuildFile; fileRef = C98DAD8E2BEB95D80090AA1B /* DataController.swift */; };
		C991AD6E2BF224D200728DDB /* HistoryView.swift in Sources */ = {isa = PBXBuildFile; fileRef = C991AD6D2BF224D200728DDB /* HistoryView.swift */; };
		C991ADAD2BF3A7D100728DDB /* WeatherModel.xcdatamodeld in Sources */ = {isa = PBXBuildFile; fileRef = C991ADAB2BF3A7D100728DDB /* WeatherModel.xcdatamodeld */; };
		C991ADAF2BF3AE4D00728DDB /* HistoryViewModel.swift in Sources */ = {isa = PBXBuildFile; fileRef = C991ADAE2BF3AE4D00728DDB /* HistoryViewModel.swift */; };
		C991ADB12BF3C10200728DDB /* CityDetailView.swift in Sources */ = {isa = PBXBuildFile; fileRef = C991ADB02BF3C10200728DDB /* CityDetailView.swift */; };
		C991AEA92C00D5B000728DDB /* WeatherApiClient.swift in Sources */ = {isa = PBXBuildFile; fileRef = C991AEA82C00D5B000728DDB /* WeatherApiClient.swift */; };
		C991AEAC2C00D6F900728DDB /* Endpointable.swift in Sources */ = {isa = PBXBuildFile; fileRef = C991AEAB2C00D6F900728DDB /* Endpointable.swift */; };
		C991AEAE2C00D72C00728DDB /* WeatherEndpoint.swift in Sources */ = {isa = PBXBuildFile; fileRef = C991AEAD2C00D72C00728DDB /* WeatherEndpoint.swift */; };
		C991AEB02C00D79F00728DDB /* ModelDecodable.swift in Sources */ = {isa = PBXBuildFile; fileRef = C991AEAF2C00D79F00728DDB /* ModelDecodable.swift */; };
		C991AEB22C00D7B700728DDB /* WeatherService.swift in Sources */ = {isa = PBXBuildFile; fileRef = C991AEB12C00D7B700728DDB /* WeatherService.swift */; };
		C991AEB42C049AE500728DDB /* FailureView.swift in Sources */ = {isa = PBXBuildFile; fileRef = C991AEB32C049AE500728DDB /* FailureView.swift */; };
		C991AEB62C04A58E00728DDB /* CityRepo.swift in Sources */ = {isa = PBXBuildFile; fileRef = C991AEB52C04A58E00728DDB /* CityRepo.swift */; };
		C991AEB82C04AB0100728DDB /* LoadingView.swift in Sources */ = {isa = PBXBuildFile; fileRef = C991AEB72C04AB0100728DDB /* LoadingView.swift */; };
		C991AEBC2C04E6BE00728DDB /* CityInfo.swift in Sources */ = {isa = PBXBuildFile; fileRef = C991AEBB2C04E6BE00728DDB /* CityInfo.swift */; };
		C9C66E322BE3998F0035C68C /* WeatherNavApp.swift in Sources */ = {isa = PBXBuildFile; fileRef = C9C66E312BE3998F0035C68C /* WeatherNavApp.swift */; };
		C9C66E342BE3998F0035C68C /* ContentView.swift in Sources */ = {isa = PBXBuildFile; fileRef = C9C66E332BE3998F0035C68C /* ContentView.swift */; };
		C9C66E362BE399930035C68C /* Assets.xcassets in Resources */ = {isa = PBXBuildFile; fileRef = C9C66E352BE399930035C68C /* Assets.xcassets */; };
		C9C66E392BE399930035C68C /* Preview Assets.xcassets in Resources */ = {isa = PBXBuildFile; fileRef = C9C66E382BE399930035C68C /* Preview Assets.xcassets */; };
		C9C66E402BE3DB630035C68C /* DetailView.swift in Sources */ = {isa = PBXBuildFile; fileRef = C9C66E3F2BE3DB630035C68C /* DetailView.swift */; };
		C9C66E462BE3FC870035C68C /* WeatherData.swift in Sources */ = {isa = PBXBuildFile; fileRef = C9C66E452BE3FC870035C68C /* WeatherData.swift */; };
		C9C66E4C2BE401580035C68C /* ViewModel.swift in Sources */ = {isa = PBXBuildFile; fileRef = C9C66E4B2BE401580035C68C /* ViewModel.swift */; };
		C9C66E4E2BE408680035C68C /* mock.json in Resources */ = {isa = PBXBuildFile; fileRef = C9C66E4D2BE408680035C68C /* mock.json */; };
/* End PBXBuildFile section */

/* Begin PBXFileReference section */
		C98DAD872BEA7C100090AA1B /* ReadyData.swift */ = {isa = PBXFileReference; lastKnownFileType = sourcecode.swift; path = ReadyData.swift; sourceTree = "<group>"; };
		C98DAD892BEA88600090AA1B /* MainForecastView.swift */ = {isa = PBXFileReference; lastKnownFileType = sourcecode.swift; path = MainForecastView.swift; sourceTree = "<group>"; };
		C98DAD8E2BEB95D80090AA1B /* DataController.swift */ = {isa = PBXFileReference; lastKnownFileType = sourcecode.swift; path = DataController.swift; sourceTree = "<group>"; };
		C991AD6D2BF224D200728DDB /* HistoryView.swift */ = {isa = PBXFileReference; lastKnownFileType = sourcecode.swift; path = HistoryView.swift; sourceTree = "<group>"; };
		C991ADAC2BF3A7D100728DDB /* WeatherModel.xcdatamodel */ = {isa = PBXFileReference; lastKnownFileType = wrapper.xcdatamodel; path = WeatherModel.xcdatamodel; sourceTree = "<group>"; };
		C991ADAE2BF3AE4D00728DDB /* HistoryViewModel.swift */ = {isa = PBXFileReference; lastKnownFileType = sourcecode.swift; path = HistoryViewModel.swift; sourceTree = "<group>"; };
		C991ADB02BF3C10200728DDB /* CityDetailView.swift */ = {isa = PBXFileReference; lastKnownFileType = sourcecode.swift; path = CityDetailView.swift; sourceTree = "<group>"; };
		C991AEA82C00D5B000728DDB /* WeatherApiClient.swift */ = {isa = PBXFileReference; lastKnownFileType = sourcecode.swift; path = WeatherApiClient.swift; sourceTree = "<group>"; };
		C991AEAB2C00D6F900728DDB /* Endpointable.swift */ = {isa = PBXFileReference; lastKnownFileType = sourcecode.swift; path = Endpointable.swift; sourceTree = "<group>"; };
		C991AEAD2C00D72C00728DDB /* WeatherEndpoint.swift */ = {isa = PBXFileReference; lastKnownFileType = sourcecode.swift; path = WeatherEndpoint.swift; sourceTree = "<group>"; };
		C991AEAF2C00D79F00728DDB /* ModelDecodable.swift */ = {isa = PBXFileReference; lastKnownFileType = sourcecode.swift; path = ModelDecodable.swift; sourceTree = "<group>"; };
		C991AEB12C00D7B700728DDB /* WeatherService.swift */ = {isa = PBXFileReference; lastKnownFileType = sourcecode.swift; path = WeatherService.swift; sourceTree = "<group>"; };
		C991AEB32C049AE500728DDB /* FailureView.swift */ = {isa = PBXFileReference; lastKnownFileType = sourcecode.swift; path = FailureView.swift; sourceTree = "<group>"; };
		C991AEB52C04A58E00728DDB /* CityRepo.swift */ = {isa = PBXFileReference; lastKnownFileType = sourcecode.swift; path = CityRepo.swift; sourceTree = "<group>"; };
		C991AEB72C04AB0100728DDB /* LoadingView.swift */ = {isa = PBXFileReference; lastKnownFileType = sourcecode.swift; path = LoadingView.swift; sourceTree = "<group>"; };
		C991AEBB2C04E6BE00728DDB /* CityInfo.swift */ = {isa = PBXFileReference; lastKnownFileType = sourcecode.swift; path = CityInfo.swift; sourceTree = "<group>"; };
		C9C66E2E2BE3998F0035C68C /* WeatherNav.app */ = {isa = PBXFileReference; explicitFileType = wrapper.application; includeInIndex = 0; path = WeatherNav.app; sourceTree = BUILT_PRODUCTS_DIR; };
		C9C66E312BE3998F0035C68C /* WeatherNavApp.swift */ = {isa = PBXFileReference; lastKnownFileType = sourcecode.swift; path = WeatherNavApp.swift; sourceTree = "<group>"; };
		C9C66E332BE3998F0035C68C /* ContentView.swift */ = {isa = PBXFileReference; lastKnownFileType = sourcecode.swift; path = ContentView.swift; sourceTree = "<group>"; };
		C9C66E352BE399930035C68C /* Assets.xcassets */ = {isa = PBXFileReference; lastKnownFileType = folder.assetcatalog; path = Assets.xcassets; sourceTree = "<group>"; };
		C9C66E382BE399930035C68C /* Preview Assets.xcassets */ = {isa = PBXFileReference; lastKnownFileType = folder.assetcatalog; path = "Preview Assets.xcassets"; sourceTree = "<group>"; };
		C9C66E3F2BE3DB630035C68C /* DetailView.swift */ = {isa = PBXFileReference; lastKnownFileType = sourcecode.swift; path = DetailView.swift; sourceTree = "<group>"; };
		C9C66E452BE3FC870035C68C /* WeatherData.swift */ = {isa = PBXFileReference; lastKnownFileType = sourcecode.swift; path = WeatherData.swift; sourceTree = "<group>"; };
		C9C66E4B2BE401580035C68C /* ViewModel.swift */ = {isa = PBXFileReference; lastKnownFileType = sourcecode.swift; path = ViewModel.swift; sourceTree = "<group>"; };
		C9C66E4D2BE408680035C68C /* mock.json */ = {isa = PBXFileReference; lastKnownFileType = text.json; path = mock.json; sourceTree = "<group>"; };
/* End PBXFileReference section */

/* Begin PBXFrameworksBuildPhase section */
		C9C66E2B2BE3998F0035C68C /* Frameworks */ = {
			isa = PBXFrameworksBuildPhase;
			buildActionMask = 2147483647;
			files = (
			);
			runOnlyForDeploymentPostprocessing = 0;
		};
/* End PBXFrameworksBuildPhase section */

/* Begin PBXGroup section */
		C98DAD842BEA2DBD0090AA1B /* Views */ = {
			isa = PBXGroup;
			children = (
				C9C66E3F2BE3DB630035C68C /* DetailView.swift */,
				C9C66E332BE3998F0035C68C /* ContentView.swift */,
				C98DAD892BEA88600090AA1B /* MainForecastView.swift */,
				C991AD6D2BF224D200728DDB /* HistoryView.swift */,
				C991ADB02BF3C10200728DDB /* CityDetailView.swift */,
				C991AEB32C049AE500728DDB /* FailureView.swift */,
				C991AEB72C04AB0100728DDB /* LoadingView.swift */,
			);
			path = Views;
			sourceTree = "<group>";
		};
		C991AEA72C00D59200728DDB /* Services */ = {
			isa = PBXGroup;
			children = (
				C991AEA82C00D5B000728DDB /* WeatherApiClient.swift */,
				C991AEAD2C00D72C00728DDB /* WeatherEndpoint.swift */,
				C991AEB12C00D7B700728DDB /* WeatherService.swift */,
			);
			path = Services;
			sourceTree = "<group>";
		};
		C991AEAA2C00D6E300728DDB /* Protocols */ = {
			isa = PBXGroup;
			children = (
				C991AEAB2C00D6F900728DDB /* Endpointable.swift */,
				C991AEAF2C00D79F00728DDB /* ModelDecodable.swift */,
			);
			path = Protocols;
			sourceTree = "<group>";
		};
		C9C66E252BE3998F0035C68C = {
			isa = PBXGroup;
			children = (
				C9C66E4D2BE408680035C68C /* mock.json */,
				C9C66E302BE3998F0035C68C /* WeatherNav */,
				C9C66E2F2BE3998F0035C68C /* Products */,
			);
			sourceTree = "<group>";
		};
		C9C66E2F2BE3998F0035C68C /* Products */ = {
			isa = PBXGroup;
			children = (
				C9C66E2E2BE3998F0035C68C /* WeatherNav.app */,
			);
			name = Products;
			sourceTree = "<group>";
		};
		C9C66E302BE3998F0035C68C /* WeatherNav */ = {
			isa = PBXGroup;
			children = (
				C991AEAA2C00D6E300728DDB /* Protocols */,
				C991AEA72C00D59200728DDB /* Services */,
				C9C66E482BE4013D0035C68C /* ViewModel */,
				C9C66E422BE3F0780035C68C /* Model */,
				C98DAD842BEA2DBD0090AA1B /* Views */,
				C9C66E312BE3998F0035C68C /* WeatherNavApp.swift */,
				C9C66E352BE399930035C68C /* Assets.xcassets */,
				C9C66E372BE399930035C68C /* Preview Content */,
			);
			path = WeatherNav;
			sourceTree = "<group>";
		};
		C9C66E372BE399930035C68C /* Preview Content */ = {
			isa = PBXGroup;
			children = (
				C9C66E382BE399930035C68C /* Preview Assets.xcassets */,
			);
			path = "Preview Content";
			sourceTree = "<group>";
		};
		C9C66E422BE3F0780035C68C /* Model */ = {
			isa = PBXGroup;
			children = (
				C9C66E452BE3FC870035C68C /* WeatherData.swift */,
				C98DAD872BEA7C100090AA1B /* ReadyData.swift */,
				C991AEBB2C04E6BE00728DDB /* CityInfo.swift */,
				C98DAD8E2BEB95D80090AA1B /* DataController.swift */,
				C991ADAB2BF3A7D100728DDB /* WeatherModel.xcdatamodeld */,
				C991AEB52C04A58E00728DDB /* CityRepo.swift */,
			);
			path = Model;
			sourceTree = "<group>";
		};
		C9C66E482BE4013D0035C68C /* ViewModel */ = {
			isa = PBXGroup;
			children = (
				C9C66E4B2BE401580035C68C /* ViewModel.swift */,
				C991ADAE2BF3AE4D00728DDB /* HistoryViewModel.swift */,
			);
			path = ViewModel;
			sourceTree = "<group>";
		};
/* End PBXGroup section */

/* Begin PBXNativeTarget section */
		C9C66E2D2BE3998F0035C68C /* WeatherNav */ = {
			isa = PBXNativeTarget;
			buildConfigurationList = C9C66E3C2BE399930035C68C /* Build configuration list for PBXNativeTarget "WeatherNav" */;
			buildPhases = (
				C9C66E2A2BE3998F0035C68C /* Sources */,
				C9C66E2B2BE3998F0035C68C /* Frameworks */,
				C9C66E2C2BE3998F0035C68C /* Resources */,
			);
			buildRules = (
			);
			dependencies = (
			);
			name = WeatherNav;
			productName = WeatherNav;
			productReference = C9C66E2E2BE3998F0035C68C /* WeatherNav.app */;
			productType = "com.apple.product-type.application";
		};
/* End PBXNativeTarget section */

/* Begin PBXProject section */
		C9C66E262BE3998F0035C68C /* Project object */ = {
			isa = PBXProject;
			attributes = {
				BuildIndependentTargetsInParallel = 1;
				LastSwiftUpdateCheck = 1520;
				LastUpgradeCheck = 1520;
				TargetAttributes = {
					C9C66E2D2BE3998F0035C68C = {
						CreatedOnToolsVersion = 15.2;
					};
				};
			};
			buildConfigurationList = C9C66E292BE3998F0035C68C /* Build configuration list for PBXProject "WeatherNav" */;
			compatibilityVersion = "Xcode 14.0";
			developmentRegion = en;
			hasScannedForEncodings = 0;
			knownRegions = (
				en,
				Base,
			);
			mainGroup = C9C66E252BE3998F0035C68C;
			productRefGroup = C9C66E2F2BE3998F0035C68C /* Products */;
			projectDirPath = "";
			projectRoot = "";
			targets = (
				C9C66E2D2BE3998F0035C68C /* WeatherNav */,
			);
		};
/* End PBXProject section */

/* Begin PBXResourcesBuildPhase section */
		C9C66E2C2BE3998F0035C68C /* Resources */ = {
			isa = PBXResourcesBuildPhase;
			buildActionMask = 2147483647;
			files = (
				C9C66E392BE399930035C68C /* Preview Assets.xcassets in Resources */,
				C9C66E362BE399930035C68C /* Assets.xcassets in Resources */,
				C9C66E4E2BE408680035C68C /* mock.json in Resources */,
			);
			runOnlyForDeploymentPostprocessing = 0;
		};
/* End PBXResourcesBuildPhase section */

/* Begin PBXSourcesBuildPhase section */
		C9C66E2A2BE3998F0035C68C /* Sources */ = {
			isa = PBXSourcesBuildPhase;
			buildActionMask = 2147483647;
			files = (
				C9C66E4C2BE401580035C68C /* ViewModel.swift in Sources */,
				C9C66E342BE3998F0035C68C /* ContentView.swift in Sources */,
				C991ADAF2BF3AE4D00728DDB /* HistoryViewModel.swift in Sources */,
				C991AEB02C00D79F00728DDB /* ModelDecodable.swift in Sources */,
				C991AEBC2C04E6BE00728DDB /* CityInfo.swift in Sources */,
				C9C66E402BE3DB630035C68C /* DetailView.swift in Sources */,
				C98DAD8F2BEB95D80090AA1B /* DataController.swift in Sources */,
				C991AEAE2C00D72C00728DDB /* WeatherEndpoint.swift in Sources */,
				C991AEB42C049AE500728DDB /* FailureView.swift in Sources */,
				C991ADAD2BF3A7D100728DDB /* WeatherModel.xcdatamodeld in Sources */,
				C991AEAC2C00D6F900728DDB /* Endpointable.swift in Sources */,
				C9C66E462BE3FC870035C68C /* WeatherData.swift in Sources */,
				C991AEB62C04A58E00728DDB /* CityRepo.swift in Sources */,
				C991AEA92C00D5B000728DDB /* WeatherApiClient.swift in Sources */,
				C991AEB82C04AB0100728DDB /* LoadingView.swift in Sources */,
				C9C66E322BE3998F0035C68C /* WeatherNavApp.swift in Sources */,
				C991AD6E2BF224D200728DDB /* HistoryView.swift in Sources */,
				C98DAD882BEA7C100090AA1B /* ReadyData.swift in Sources */,
				C991AEB22C00D7B700728DDB /* WeatherService.swift in Sources */,
				C991ADB12BF3C10200728DDB /* CityDetailView.swift in Sources */,
				C98DAD8A2BEA88600090AA1B /* MainForecastView.swift in Sources */,
			);
			runOnlyForDeploymentPostprocessing = 0;
		};
/* End PBXSourcesBuildPhase section */

/* Begin XCBuildConfiguration section */
		C9C66E3A2BE399930035C68C /* Debug */ = {
			isa = XCBuildConfiguration;
			buildSettings = {
				ALWAYS_SEARCH_USER_PATHS = NO;
				ASSETCATALOG_COMPILER_GENERATE_SWIFT_ASSET_SYMBOL_EXTENSIONS = YES;
				CLANG_ANALYZER_NONNULL = YES;
				CLANG_ANALYZER_NUMBER_OBJECT_CONVERSION = YES_AGGRESSIVE;
				CLANG_CXX_LANGUAGE_STANDARD = "gnu++20";
				CLANG_ENABLE_MODULES = YES;
				CLANG_ENABLE_OBJC_ARC = YES;
				CLANG_ENABLE_OBJC_WEAK = YES;
				CLANG_WARN_BLOCK_CAPTURE_AUTORELEASING = YES;
				CLANG_WARN_BOOL_CONVERSION = YES;
				CLANG_WARN_COMMA = YES;
				CLANG_WARN_CONSTANT_CONVERSION = YES;
				CLANG_WARN_DEPRECATED_OBJC_IMPLEMENTATIONS = YES;
				CLANG_WARN_DIRECT_OBJC_ISA_USAGE = YES_ERROR;
				CLANG_WARN_DOCUMENTATION_COMMENTS = YES;
				CLANG_WARN_EMPTY_BODY = YES;
				CLANG_WARN_ENUM_CONVERSION = YES;
				CLANG_WARN_INFINITE_RECURSION = YES;
				CLANG_WARN_INT_CONVERSION = YES;
				CLANG_WARN_NON_LITERAL_NULL_CONVERSION = YES;
				CLANG_WARN_OBJC_IMPLICIT_RETAIN_SELF = YES;
				CLANG_WARN_OBJC_LITERAL_CONVERSION = YES;
				CLANG_WARN_OBJC_ROOT_CLASS = YES_ERROR;
				CLANG_WARN_QUOTED_INCLUDE_IN_FRAMEWORK_HEADER = YES;
				CLANG_WARN_RANGE_LOOP_ANALYSIS = YES;
				CLANG_WARN_STRICT_PROTOTYPES = YES;
				CLANG_WARN_SUSPICIOUS_MOVE = YES;
				CLANG_WARN_UNGUARDED_AVAILABILITY = YES_AGGRESSIVE;
				CLANG_WARN_UNREACHABLE_CODE = YES;
				CLANG_WARN__DUPLICATE_METHOD_MATCH = YES;
				COPY_PHASE_STRIP = NO;
				DEBUG_INFORMATION_FORMAT = dwarf;
				ENABLE_STRICT_OBJC_MSGSEND = YES;
				ENABLE_TESTABILITY = YES;
				ENABLE_USER_SCRIPT_SANDBOXING = YES;
				GCC_C_LANGUAGE_STANDARD = gnu17;
				GCC_DYNAMIC_NO_PIC = NO;
				GCC_NO_COMMON_BLOCKS = YES;
				GCC_OPTIMIZATION_LEVEL = 0;
				GCC_PREPROCESSOR_DEFINITIONS = (
					"DEBUG=1",
					"$(inherited)",
				);
				GCC_WARN_64_TO_32_BIT_CONVERSION = YES;
				GCC_WARN_ABOUT_RETURN_TYPE = YES_ERROR;
				GCC_WARN_UNDECLARED_SELECTOR = YES;
				GCC_WARN_UNINITIALIZED_AUTOS = YES_AGGRESSIVE;
				GCC_WARN_UNUSED_FUNCTION = YES;
				GCC_WARN_UNUSED_VARIABLE = YES;
				IPHONEOS_DEPLOYMENT_TARGET = 17.2;
				LOCALIZATION_PREFERS_STRING_CATALOGS = YES;
				MTL_ENABLE_DEBUG_INFO = INCLUDE_SOURCE;
				MTL_FAST_MATH = YES;
				ONLY_ACTIVE_ARCH = YES;
				SDKROOT = iphoneos;
				SWIFT_ACTIVE_COMPILATION_CONDITIONS = "DEBUG $(inherited)";
				SWIFT_OPTIMIZATION_LEVEL = "-Onone";
			};
			name = Debug;
		};
		C9C66E3B2BE399930035C68C /* Release */ = {
			isa = XCBuildConfiguration;
			buildSettings = {
				ALWAYS_SEARCH_USER_PATHS = NO;
				ASSETCATALOG_COMPILER_GENERATE_SWIFT_ASSET_SYMBOL_EXTENSIONS = YES;
				CLANG_ANALYZER_NONNULL = YES;
				CLANG_ANALYZER_NUMBER_OBJECT_CONVERSION = YES_AGGRESSIVE;
				CLANG_CXX_LANGUAGE_STANDARD = "gnu++20";
				CLANG_ENABLE_MODULES = YES;
				CLANG_ENABLE_OBJC_ARC = YES;
				CLANG_ENABLE_OBJC_WEAK = YES;
				CLANG_WARN_BLOCK_CAPTURE_AUTORELEASING = YES;
				CLANG_WARN_BOOL_CONVERSION = YES;
				CLANG_WARN_COMMA = YES;
				CLANG_WARN_CONSTANT_CONVERSION = YES;
				CLANG_WARN_DEPRECATED_OBJC_IMPLEMENTATIONS = YES;
				CLANG_WARN_DIRECT_OBJC_ISA_USAGE = YES_ERROR;
				CLANG_WARN_DOCUMENTATION_COMMENTS = YES;
				CLANG_WARN_EMPTY_BODY = YES;
				CLANG_WARN_ENUM_CONVERSION = YES;
				CLANG_WARN_INFINITE_RECURSION = YES;
				CLANG_WARN_INT_CONVERSION = YES;
				CLANG_WARN_NON_LITERAL_NULL_CONVERSION = YES;
				CLANG_WARN_OBJC_IMPLICIT_RETAIN_SELF = YES;
				CLANG_WARN_OBJC_LITERAL_CONVERSION = YES;
				CLANG_WARN_OBJC_ROOT_CLASS = YES_ERROR;
				CLANG_WARN_QUOTED_INCLUDE_IN_FRAMEWORK_HEADER = YES;
				CLANG_WARN_RANGE_LOOP_ANALYSIS = YES;
				CLANG_WARN_STRICT_PROTOTYPES = YES;
				CLANG_WARN_SUSPICIOUS_MOVE = YES;
				CLANG_WARN_UNGUARDED_AVAILABILITY = YES_AGGRESSIVE;
				CLANG_WARN_UNREACHABLE_CODE = YES;
				CLANG_WARN__DUPLICATE_METHOD_MATCH = YES;
				COPY_PHASE_STRIP = NO;
				DEBUG_INFORMATION_FORMAT = "dwarf-with-dsym";
				ENABLE_NS_ASSERTIONS = NO;
				ENABLE_STRICT_OBJC_MSGSEND = YES;
				ENABLE_USER_SCRIPT_SANDBOXING = YES;
				GCC_C_LANGUAGE_STANDARD = gnu17;
				GCC_NO_COMMON_BLOCKS = YES;
				GCC_WARN_64_TO_32_BIT_CONVERSION = YES;
				GCC_WARN_ABOUT_RETURN_TYPE = YES_ERROR;
				GCC_WARN_UNDECLARED_SELECTOR = YES;
				GCC_WARN_UNINITIALIZED_AUTOS = YES_AGGRESSIVE;
				GCC_WARN_UNUSED_FUNCTION = YES;
				GCC_WARN_UNUSED_VARIABLE = YES;
				IPHONEOS_DEPLOYMENT_TARGET = 17.2;
				LOCALIZATION_PREFERS_STRING_CATALOGS = YES;
				MTL_ENABLE_DEBUG_INFO = NO;
				MTL_FAST_MATH = YES;
				SDKROOT = iphoneos;
				SWIFT_COMPILATION_MODE = wholemodule;
				VALIDATE_PRODUCT = YES;
			};
			name = Release;
		};
		C9C66E3D2BE399930035C68C /* Debug */ = {
			isa = XCBuildConfiguration;
			buildSettings = {
				ASSETCATALOG_COMPILER_APPICON_NAME = AppIcon;
				ASSETCATALOG_COMPILER_GLOBAL_ACCENT_COLOR_NAME = AccentColor;
				CODE_SIGN_STYLE = Automatic;
				CURRENT_PROJECT_VERSION = 1;
				DEVELOPMENT_ASSET_PATHS = "\"WeatherNav/Preview Content\"";
				ENABLE_PREVIEWS = YES;
				GENERATE_INFOPLIST_FILE = YES;
				INFOPLIST_KEY_UIApplicationSceneManifest_Generation = YES;
				INFOPLIST_KEY_UIApplicationSupportsIndirectInputEvents = YES;
				INFOPLIST_KEY_UILaunchScreen_Generation = YES;
				INFOPLIST_KEY_UISupportedInterfaceOrientations_iPad = "UIInterfaceOrientationPortrait UIInterfaceOrientationPortraitUpsideDown UIInterfaceOrientationLandscapeLeft UIInterfaceOrientationLandscapeRight";
				INFOPLIST_KEY_UISupportedInterfaceOrientations_iPhone = "UIInterfaceOrientationPortrait UIInterfaceOrientationLandscapeLeft UIInterfaceOrientationLandscapeRight";
				LD_RUNPATH_SEARCH_PATHS = (
					"$(inherited)",
					"@executable_path/Frameworks",
				);
				MARKETING_VERSION = 1.0;
				PRODUCT_BUNDLE_IDENTIFIER = com.sofialeong.WeatherNav;
				PRODUCT_NAME = "$(TARGET_NAME)";
				SWIFT_EMIT_LOC_STRINGS = YES;
				SWIFT_VERSION = 5.0;
				TARGETED_DEVICE_FAMILY = "1,2";
			};
			name = Debug;
		};
		C9C66E3E2BE399930035C68C /* Release */ = {
			isa = XCBuildConfiguration;
			buildSettings = {
				ASSETCATALOG_COMPILER_APPICON_NAME = AppIcon;
				ASSETCATALOG_COMPILER_GLOBAL_ACCENT_COLOR_NAME = AccentColor;
				CODE_SIGN_STYLE = Automatic;
				CURRENT_PROJECT_VERSION = 1;
				DEVELOPMENT_ASSET_PATHS = "\"WeatherNav/Preview Content\"";
				ENABLE_PREVIEWS = YES;
				GENERATE_INFOPLIST_FILE = YES;
				INFOPLIST_KEY_UIApplicationSceneManifest_Generation = YES;
				INFOPLIST_KEY_UIApplicationSupportsIndirectInputEvents = YES;
				INFOPLIST_KEY_UILaunchScreen_Generation = YES;
				INFOPLIST_KEY_UISupportedInterfaceOrientations_iPad = "UIInterfaceOrientationPortrait UIInterfaceOrientationPortraitUpsideDown UIInterfaceOrientationLandscapeLeft UIInterfaceOrientationLandscapeRight";
				INFOPLIST_KEY_UISupportedInterfaceOrientations_iPhone = "UIInterfaceOrientationPortrait UIInterfaceOrientationLandscapeLeft UIInterfaceOrientationLandscapeRight";
				LD_RUNPATH_SEARCH_PATHS = (
					"$(inherited)",
					"@executable_path/Frameworks",
				);
				MARKETING_VERSION = 1.0;
				PRODUCT_BUNDLE_IDENTIFIER = com.sofialeong.WeatherNav;
				PRODUCT_NAME = "$(TARGET_NAME)";
				SWIFT_EMIT_LOC_STRINGS = YES;
				SWIFT_VERSION = 5.0;
				TARGETED_DEVICE_FAMILY = "1,2";
			};
			name = Release;
		};
/* End XCBuildConfiguration section */

/* Begin XCConfigurationList section */
		C9C66E292BE3998F0035C68C /* Build configuration list for PBXProject "WeatherNav" */ = {
			isa = XCConfigurationList;
			buildConfigurations = (
				C9C66E3A2BE399930035C68C /* Debug */,
				C9C66E3B2BE399930035C68C /* Release */,
			);
			defaultConfigurationIsVisible = 0;
			defaultConfigurationName = Release;
		};
		C9C66E3C2BE399930035C68C /* Build configuration list for PBXNativeTarget "WeatherNav" */ = {
			isa = XCConfigurationList;
			buildConfigurations = (
				C9C66E3D2BE399930035C68C /* Debug */,
				C9C66E3E2BE399930035C68C /* Release */,
			);
			defaultConfigurationIsVisible = 0;
			defaultConfigurationName = Release;
		};
/* End XCConfigurationList section */

/* Begin XCVersionGroup section */
		C991ADAB2BF3A7D100728DDB /* WeatherModel.xcdatamodeld */ = {
			isa = XCVersionGroup;
			children = (
				C991ADAC2BF3A7D100728DDB /* WeatherModel.xcdatamodel */,
			);
			currentVersion = C991ADAC2BF3A7D100728DDB /* WeatherModel.xcdatamodel */;
			path = WeatherModel.xcdatamodeld;
			sourceTree = "<group>";
			versionGroupType = wrapper.xcdatamodel;
		};
/* End XCVersionGroup section */
	};
	rootObject = C9C66E262BE3998F0035C68C /* Project object */;
}
